
Microsoft Visual Studio Solution File, Format Version 12.00
# Visual Studio Version 17
VisualStudioVersion = 17.13.35931.197 d17.13
MinimumVisualStudioVersion = 10.0.40219.1
Project("{FAE04EC0-301F-11D3-BF4B-00C04F79EFBC}") = "Antlr4", "Antlr4\Antlr4.csproj", "{BCFA91FB-DA88-4910-A3FA-BB135BA52D92}"
EndProject
Global
	GlobalSection(SolutionConfigurationPlatforms) = preSolution
		Debug|Any CPU = Debug|Any CPU
		Release|Any CPU = Release|Any CPU
	EndGlobalSection
	GlobalSection(ProjectConfigurationPlatforms) = postSolution
		{BCFA91FB-DA88-4910-A3FA-BB135BA52D92}.Debug|Any CPU.ActiveCfg = Debug|Any CPU
		{BCFA91FB-DA88-4910-A3FA-BB135BA52D92}.Debug|Any CPU.Build.0 = Debug|Any CPU
		{BCFA91FB-DA88-4910-A3FA-BB135BA52D92}.Release|Any CPU.ActiveCfg = Release|Any CPU
		{BCFA91FB-DA88-4910-A3FA-BB135BA52D92}.Release|Any CPU.Build.0 = Release|Any CPU
	EndGlobalSection
	GlobalSection(SolutionProperties) = preSolution
		HideSolutionNode = FALSE
	EndGlobalSection
	GlobalSection(ExtensibilityGlobals) = postSolution
		SolutionGuid = {8C489186-CBEC-4809-8756-D70E33E0D597}
	EndGlobalSection
EndGlobal
